
Microsoft Visual Studio Solution File, Format Version 12.00
# Visual Studio 15
VisualStudioVersion = 15.0.27428.2037
MinimumVisualStudioVersion = 10.0.40219.1
Project("{FAE04EC0-301F-11D3-BF4B-00C04F79EFBC}") = "WebProjekat", "WebProjekat\WebProjekat.csproj", "{EA03843D-22F0-4314-9D54-A47A1B6CE9A3}"
EndProject
Global
	GlobalSection(SolutionConfigurationPlatforms) = preSolution
		Debug|Any CPU = Debug|Any CPU
		Release|Any CPU = Release|Any CPU
	EndGlobalSection
	GlobalSection(ProjectConfigurationPlatforms) = postSolution
		{EA03843D-22F0-4314-9D54-A47A1B6CE9A3}.Debug|Any CPU.ActiveCfg = Debug|Any CPU
		{EA03843D-22F0-4314-9D54-A47A1B6CE9A3}.Debug|Any CPU.Build.0 = Debug|Any CPU
		{EA03843D-22F0-4314-9D54-A47A1B6CE9A3}.Release|Any CPU.ActiveCfg = Release|Any CPU
		{EA03843D-22F0-4314-9D54-A47A1B6CE9A3}.Release|Any CPU.Build.0 = Release|Any CPU
	EndGlobalSection
	GlobalSection(SolutionProperties) = preSolution
		HideSolutionNode = FALSE
	EndGlobalSection
	GlobalSection(ExtensibilityGlobals) = postSolution
		SolutionGuid = {30C09592-64D2-48B4-918E-614C4610E9F9}
	EndGlobalSection
EndGlobal
